// !$*UTF8*$!
{
	archiveVersion = 1;
	classes = {
	};
	objectVersion = 48;
	objects = {

/* Begin PBXBuildFile section */
		AC982A9A1FC69024008F97D0 /* AppDelegate.swift in Sources */ = {isa = PBXBuildFile; fileRef = AC982A991FC69024008F97D0 /* AppDelegate.swift */; };
		AC982A9C1FC69024008F97D0 /* ViewController.swift in Sources */ = {isa = PBXBuildFile; fileRef = AC982A9B1FC69024008F97D0 /* ViewController.swift */; };
		AC982A9F1FC69024008F97D0 /* Main.storyboard in Resources */ = {isa = PBXBuildFile; fileRef = AC982A9D1FC69024008F97D0 /* Main.storyboard */; };
		AC982AA21FC69024008F97D0 /* One_image_Viewer.xcdatamodeld in Sources */ = {isa = PBXBuildFile; fileRef = AC982AA01FC69024008F97D0 /* One_image_Viewer.xcdatamodeld */; };
		AC982AA41FC69024008F97D0 /* Assets.xcassets in Resources */ = {isa = PBXBuildFile; fileRef = AC982AA31FC69024008F97D0 /* Assets.xcassets */; };
		AC982AA71FC69024008F97D0 /* LaunchScreen.storyboard in Resources */ = {isa = PBXBuildFile; fileRef = AC982AA51FC69024008F97D0 /* LaunchScreen.storyboard */; };
/* End PBXBuildFile section */

/* Begin PBXFileReference section */
		AC982A961FC69024008F97D0 /* One-image Viewer.app */ = {isa = PBXFileReference; explicitFileType = wrapper.application; includeInIndex = 0; path = "One-image Viewer.app"; sourceTree = BUILT_PRODUCTS_DIR; };
		AC982A991FC69024008F97D0 /* AppDelegate.swift */ = {isa = PBXFileReference; lastKnownFileType = sourcecode.swift; path = AppDelegate.swift; sourceTree = "<group>"; };
		AC982A9B1FC69024008F97D0 /* ViewController.swift */ = {isa = PBXFileReference; lastKnownFileType = sourcecode.swift; path = ViewController.swift; sourceTree = "<group>"; };
		AC982A9E1FC69024008F97D0 /* Base */ = {isa = PBXFileReference; lastKnownFileType = file.storyboard; name = Base; path = Base.lproj/Main.storyboard; sourceTree = "<group>"; };
		AC982AA11FC69024008F97D0 /* One_image_Viewer.xcdatamodel */ = {isa = PBXFileReference; lastKnownFileType = wrapper.xcdatamodel; path = One_image_Viewer.xcdatamodel; sourceTree = "<group>"; };
		AC982AA31FC69024008F97D0 /* Assets.xcassets */ = {isa = PBXFileReference; lastKnownFileType = folder.assetcatalog; path = Assets.xcassets; sourceTree = "<group>"; };
		AC982AA61FC69024008F97D0 /* Base */ = {isa = PBXFileReference; lastKnownFileType = file.storyboard; name = Base; path = Base.lproj/LaunchScreen.storyboard; sourceTree = "<group>"; };
		AC982AA81FC69024008F97D0 /* Info.plist */ = {isa = PBXFileReference; lastKnownFileType = text.plist.xml; path = Info.plist; sourceTree = "<group>"; };
/* End PBXFileReference section */

/* Begin PBXFrameworksBuildPhase section */
		AC982A931FC69024008F97D0 /* Frameworks */ = {
			isa = PBXFrameworksBuildPhase;
			buildActionMask = 2147483647;
			files = (
			);
			runOnlyForDeploymentPostprocessing = 0;
		};
/* End PBXFrameworksBuildPhase section */

/* Begin PBXGroup section */
		AC982A8D1FC69024008F97D0 = {
			isa = PBXGroup;
			children = (
				AC982A981FC69024008F97D0 /* One-image Viewer */,
				AC982A971FC69024008F97D0 /* Products */,
			);
			sourceTree = "<group>";
		};
		AC982A971FC69024008F97D0 /* Products */ = {
			isa = PBXGroup;
			children = (
				AC982A961FC69024008F97D0 /* One-image Viewer.app */,
			);
			name = Products;
			sourceTree = "<group>";
		};
		AC982A981FC69024008F97D0 /* One-image Viewer */ = {
			isa = PBXGroup;
			children = (
				AC982A991FC69024008F97D0 /* AppDelegate.swift */,
				AC982A9B1FC69024008F97D0 /* ViewController.swift */,
				AC982A9D1FC69024008F97D0 /* Main.storyboard */,
				AC982AA31FC69024008F97D0 /* Assets.xcassets */,
				AC982AA51FC69024008F97D0 /* LaunchScreen.storyboard */,
				AC982AA81FC69024008F97D0 /* Info.plist */,
				AC982AA01FC69024008F97D0 /* One_image_Viewer.xcdatamodeld */,
			);
			path = "One-image Viewer";
			sourceTree = "<group>";
		};
/* End PBXGroup section */

/* Begin PBXNativeTarget section */
		AC982A951FC69024008F97D0 /* One-image Viewer */ = {
			isa = PBXNativeTarget;
			buildConfigurationList = AC982AAB1FC69024008F97D0 /* Build configuration list for PBXNativeTarget "One-image Viewer" */;
			buildPhases = (
				AC982A921FC69024008F97D0 /* Sources */,
				AC982A931FC69024008F97D0 /* Frameworks */,
				AC982A941FC69024008F97D0 /* Resources */,
			);
			buildRules = (
			);
			dependencies = (
			);
			name = "One-image Viewer";
			productName = "One-image Viewer";
			productReference = AC982A961FC69024008F97D0 /* One-image Viewer.app */;
			productType = "com.apple.product-type.application";
		};
/* End PBXNativeTarget section */

/* Begin PBXProject section */
		AC982A8E1FC69024008F97D0 /* Project object */ = {
			isa = PBXProject;
			attributes = {
				LastSwiftUpdateCheck = 0900;
				LastUpgradeCheck = 0900;
				ORGANIZATIONNAME = "Fang-Yu. Liu";
				TargetAttributes = {
					AC982A951FC69024008F97D0 = {
						CreatedOnToolsVersion = 9.0;
						ProvisioningStyle = Automatic;
					};
				};
			};
			buildConfigurationList = AC982A911FC69024008F97D0 /* Build configuration list for PBXProject "One-image Viewer" */;
			compatibilityVersion = "Xcode 8.0";
			developmentRegion = en;
			hasScannedForEncodings = 0;
			knownRegions = (
				en,
				Base,
			);
			mainGroup = AC982A8D1FC69024008F97D0;
			productRefGroup = AC982A971FC69024008F97D0 /* Products */;
			projectDirPath = "";
			projectRoot = "";
			targets = (
				AC982A951FC69024008F97D0 /* One-image Viewer */,
			);
		};
/* End PBXProject section */

/* Begin PBXResourcesBuildPhase section */
		AC982A941FC69024008F97D0 /* Resources */ = {
			isa = PBXResourcesBuildPhase;
			buildActionMask = 2147483647;
			files = (
				AC982AA71FC69024008F97D0 /* LaunchScreen.storyboard in Resources */,
				AC982AA41FC69024008F97D0 /* Assets.xcassets in Resources */,
				AC982A9F1FC69024008F97D0 /* Main.storyboard in Resources */,
			);
			runOnlyForDeploymentPostprocessing = 0;
		};
/* End PBXResourcesBuildPhase section */

/* Begin PBXSourcesBuildPhase section */
		AC982A921FC69024008F97D0 /* Sources */ = {
			isa = PBXSourcesBuildPhase;
			buildActionMask = 2147483647;
			files = (
				AC982A9C1FC69024008F97D0 /* ViewController.swift in Sources */,
				AC982AA21FC69024008F97D0 /* One_image_Viewer.xcdatamodeld in Sources */,
				AC982A9A1FC69024008F97D0 /* AppDelegate.swift in Sources */,
			);
			runOnlyForDeploymentPostprocessing = 0;
		};
/* End PBXSourcesBuildPhase section */

/* Begin PBXVariantGroup section */
		AC982A9D1FC69024008F97D0 /* Main.storyboard */ = {
			isa = PBXVariantGroup;
			children = (
				AC982A9E1FC69024008F97D0 /* Base */,
			);
			name = Main.storyboard;
			sourceTree = "<group>";
		};
		AC982AA51FC69024008F97D0 /* LaunchScreen.storyboard */ = {
			isa = PBXVariantGroup;
			children = (
				AC982AA61FC69024008F97D0 /* Base */,
			);
			name = LaunchScreen.storyboard;
			sourceTree = "<group>";
		};
/* End PBXVariantGroup section */

/* Begin XCBuildConfiguration section */
		AC982AA91FC69024008F97D0 /* Debug */ = {
			isa = XCBuildConfiguration;
			buildSettings = {
				ALWAYS_SEARCH_USER_PATHS = NO;
				CLANG_ANALYZER_NONNULL = YES;
				CLANG_ANALYZER_NUMBER_OBJECT_CONVERSION = YES_AGGRESSIVE;
				CLANG_CXX_LANGUAGE_STANDARD = "gnu++14";
				CLANG_CXX_LIBRARY = "libc++";
				CLANG_ENABLE_MODULES = YES;
				CLANG_ENABLE_OBJC_ARC = YES;
				CLANG_WARN_BLOCK_CAPTURE_AUTORELEASING = YES;
				CLANG_WARN_BOOL_CONVERSION = YES;
				CLANG_WARN_COMMA = YES;
				CLANG_WARN_CONSTANT_CONVERSION = YES;
				CLANG_WARN_DIRECT_OBJC_ISA_USAGE = YES_ERROR;
				CLANG_WARN_DOCUMENTATION_COMMENTS = YES;
				CLANG_WARN_EMPTY_BODY = YES;
				CLANG_WARN_ENUM_CONVERSION = YES;
				CLANG_WARN_INFINITE_RECURSION = YES;
				CLANG_WARN_INT_CONVERSION = YES;
				CLANG_WARN_NON_LITERAL_NULL_CONVERSION = YES;
				CLANG_WARN_OBJC_LITERAL_CONVERSION = YES;
				CLANG_WARN_OBJC_ROOT_CLASS = YES_ERROR;
				CLANG_WARN_RANGE_LOOP_ANALYSIS = YES;
				CLANG_WARN_STRICT_PROTOTYPES = YES;
				CLANG_WARN_SUSPICIOUS_MOVE = YES;
				CLANG_WARN_UNGUARDED_AVAILABILITY = YES_AGGRESSIVE;
				CLANG_WARN_UNREACHABLE_CODE = YES;
				CLANG_WARN__DUPLICATE_METHOD_MATCH = YES;
				CODE_SIGN_IDENTITY = "iPhone Developer";
				COPY_PHASE_STRIP = NO;
				DEBUG_INFORMATION_FORMAT = dwarf;
				ENABLE_STRICT_OBJC_MSGSEND = YES;
				ENABLE_TESTABILITY = YES;
				GCC_C_LANGUAGE_STANDARD = gnu11;
				GCC_DYNAMIC_NO_PIC = NO;
				GCC_NO_COMMON_BLOCKS = YES;
				GCC_OPTIMIZATION_LEVEL = 0;
				GCC_PREPROCESSOR_DEFINITIONS = (
					"DEBUG=1",
					"$(inherited)",
				);
				GCC_WARN_64_TO_32_BIT_CONVERSION = YES;
				GCC_WARN_ABOUT_RETURN_TYPE = YES_ERROR;
				GCC_WARN_UNDECLARED_SELECTOR = YES;
				GCC_WARN_UNINITIALIZED_AUTOS = YES_AGGRESSIVE;
				GCC_WARN_UNUSED_FUNCTION = YES;
				GCC_WARN_UNUSED_VARIABLE = YES;
				IPHONEOS_DEPLOYMENT_TARGET = 11.0;
				MTL_ENABLE_DEBUG_INFO = YES;
				ONLY_ACTIVE_ARCH = YES;
				SDKROOT = iphoneos;
				SWIFT_ACTIVE_COMPILATION_CONDITIONS = DEBUG;
				SWIFT_OPTIMIZATION_LEVEL = "-Onone";
			};
			name = Debug;
		};
		AC982AAA1FC69024008F97D0 /* Release */ = {
			isa = XCBuildConfiguration;
			buildSettings = {
				ALWAYS_SEARCH_USER_PATHS = NO;
				CLANG_ANALYZER_NONNULL = YES;
				CLANG_ANALYZER_NUMBER_OBJECT_CONVERSION = YES_AGGRESSIVE;
				CLANG_CXX_LANGUAGE_STANDARD = "gnu++14";
				CLANG_CXX_LIBRARY = "libc++";
				CLANG_ENABLE_MODULES = YES;
				CLANG_ENABLE_OBJC_ARC = YES;
				CLANG_WARN_BLOCK_CAPTURE_AUTORELEASING = YES;
				CLANG_WARN_BOOL_CONVERSION = YES;
				CLANG_WARN_COMMA = YES;
				CLANG_WARN_CONSTANT_CONVERSION = YES;
				CLANG_WARN_DIRECT_OBJC_ISA_USAGE = YES_ERROR;
				CLANG_WARN_DOCUMENTATION_COMMENTS = YES;
				CLANG_WARN_EMPTY_BODY = YES;
				CLANG_WARN_ENUM_CONVERSION = YES;
				CLANG_WARN_INFINITE_RECURSION = YES;
				CLANG_WARN_INT_CONVERSION = YES;
				CLANG_WARN_NON_LITERAL_NULL_CONVERSION = YES;
				CLANG_WARN_OBJC_LITERAL_CONVERSION = YES;
				CLANG_WARN_OBJC_ROOT_CLASS = YES_ERROR;
				CLANG_WARN_RANGE_LOOP_ANALYSIS = YES;
				CLANG_WARN_STRICT_PROTOTYPES = YES;
				CLANG_WARN_SUSPICIOUS_MOVE = YES;
				CLANG_WARN_UNGUARDED_AVAILABILITY = YES_AGGRESSIVE;
				CLANG_WARN_UNREACHABLE_CODE = YES;
				CLANG_WARN__DUPLICATE_METHOD_MATCH = YES;
				CODE_SIGN_IDENTITY = "iPhone Developer";
				COPY_PHASE_STRIP = NO;
				DEBUG_INFORMATION_FORMAT = "dwarf-with-dsym";
				ENABLE_NS_ASSERTIONS = NO;
				ENABLE_STRICT_OBJC_MSGSEND = YES;
				GCC_C_LANGUAGE_STANDARD = gnu11;
				GCC_NO_COMMON_BLOCKS = YES;
				GCC_WARN_64_TO_32_BIT_CONVERSION = YES;
				GCC_WARN_ABOUT_RETURN_TYPE = YES_ERROR;
				GCC_WARN_UNDECLARED_SELECTOR = YES;
				GCC_WARN_UNINITIALIZED_AUTOS = YES_AGGRESSIVE;
				GCC_WARN_UNUSED_FUNCTION = YES;
				GCC_WARN_UNUSED_VARIABLE = YES;
				IPHONEOS_DEPLOYMENT_TARGET = 11.0;
				MTL_ENABLE_DEBUG_INFO = NO;
				SDKROOT = iphoneos;
				SWIFT_OPTIMIZATION_LEVEL = "-Owholemodule";
				VALIDATE_PRODUCT = YES;
			};
			name = Release;
		};
		AC982AAC1FC69024008F97D0 /* Debug */ = {
			isa = XCBuildConfiguration;
			buildSettings = {
				ASSETCATALOG_COMPILER_APPICON_NAME = AppIcon;
				CODE_SIGN_STYLE = Automatic;
				DEVELOPMENT_TEAM = 7CUJ649AB2;
				INFOPLIST_FILE = "One-image Viewer/Info.plist";
				LD_RUNPATH_SEARCH_PATHS = "$(inherited) @executable_path/Frameworks";
				PRODUCT_BUNDLE_IDENTIFIER = "com.wawaliu.One-image-Viewer";
				PRODUCT_NAME = "$(TARGET_NAME)";
				SWIFT_VERSION = 4.0;
				TARGETED_DEVICE_FAMILY = "1,2";
			};
			name = Debug;
		};
		AC982AAD1FC69024008F97D0 /* Release */ = {
			isa = XCBuildConfiguration;
			buildSettings = {
				ASSETCATALOG_COMPILER_APPICON_NAME = AppIcon;
				CODE_SIGN_STYLE = Automatic;
				DEVELOPMENT_TEAM = 7CUJ649AB2;
				INFOPLIST_FILE = "One-image Viewer/Info.plist";
				LD_RUNPATH_SEARCH_PATHS = "$(inherited) @executable_path/Frameworks";
				PRODUCT_BUNDLE_IDENTIFIER = "com.wawaliu.One-image-Viewer";
				PRODUCT_NAME = "$(TARGET_NAME)";
				SWIFT_VERSION = 4.0;
				TARGETED_DEVICE_FAMILY = "1,2";
			};
			name = Release;
		};
/* End XCBuildConfiguration section */

/* Begin XCConfigurationList section */
		AC982A911FC69024008F97D0 /* Build configuration list for PBXProject "One-image Viewer" */ = {
			isa = XCConfigurationList;
			buildConfigurations = (
				AC982AA91FC69024008F97D0 /* Debug */,
				AC982AAA1FC69024008F97D0 /* Release */,
			);
			defaultConfigurationIsVisible = 0;
			defaultConfigurationName = Release;
		};
		AC982AAB1FC69024008F97D0 /* Build configuration list for PBXNativeTarget "One-image Viewer" */ = {
			isa = XCConfigurationList;
			buildConfigurations = (
				AC982AAC1FC69024008F97D0 /* Debug */,
				AC982AAD1FC69024008F97D0 /* Release */,
			);
			defaultConfigurationIsVisible = 0;
			defaultConfigurationName = Release;
		};
/* End XCConfigurationList section */

/* Begin XCVersionGroup section */
		AC982AA01FC69024008F97D0 /* One_image_Viewer.xcdatamodeld */ = {
			isa = XCVersionGroup;
			children = (
				AC982AA11FC69024008F97D0 /* One_image_Viewer.xcdatamodel */,
			);
			currentVersion = AC982AA11FC69024008F97D0 /* One_image_Viewer.xcdatamodel */;
			path = One_image_Viewer.xcdatamodeld;
			sourceTree = "<group>";
			versionGroupType = wrapper.xcdatamodel;
		};
/* End XCVersionGroup section */
	};
	rootObject = AC982A8E1FC69024008F97D0 /* Project object */;
}
